
Microsoft Visual Studio Solution File, Format Version 12.00
# Visual Studio Version 17
VisualStudioVersion = 17.9.34701.34
MinimumVisualStudioVersion = 10.0.40219.1
Project("{9A19103F-16F7-4668-BE54-9A1E7A4F7556}") = "Laba12", "Laba12.csproj", "{D5A464CD-31E1-4DE8-B93A-65BBE510FFE4}"
EndProject
Project("{9A19103F-16F7-4668-BE54-9A1E7A4F7556}") = "Laba12_1", "..\Laba12_1\Laba12_1.csproj", "{C4421AF7-0E66-4F1B-A95D-4E4C582F2B4A}"
EndProject
Project("{9A19103F-16F7-4668-BE54-9A1E7A4F7556}") = "Laba12_Test", "..\Laba12_Test\Laba12_Test.csproj", "{59DEE1B8-F42D-49C6-971E-E9DD7B0EBD89}"
EndProject
Project("{FAE04EC0-301F-11D3-BF4B-00C04F79EFBC}") = "Laba12_2", "..\Laba12_2\Laba12_2.csproj", "{6A0E7A32-774A-4432-92AD-85E317A6C52F}"
EndProject
Project("{FAE04EC0-301F-11D3-BF4B-00C04F79EFBC}") = "Laba12_3", "..\Laba12_3\Laba12_3.csproj", "{049401CD-FDA6-481E-8ABD-99BD48B66CCF}"
EndProject
Global
	GlobalSection(SolutionConfigurationPlatforms) = preSolution
		Debug|Any CPU = Debug|Any CPU
		Release|Any CPU = Release|Any CPU
	EndGlobalSection
	GlobalSection(ProjectConfigurationPlatforms) = postSolution
		{D5A464CD-31E1-4DE8-B93A-65BBE510FFE4}.Debug|Any CPU.ActiveCfg = Debug|Any CPU
		{D5A464CD-31E1-4DE8-B93A-65BBE510FFE4}.Debug|Any CPU.Build.0 = Debug|Any CPU
		{D5A464CD-31E1-4DE8-B93A-65BBE510FFE4}.Release|Any CPU.ActiveCfg = Release|Any CPU
		{D5A464CD-31E1-4DE8-B93A-65BBE510FFE4}.Release|Any CPU.Build.0 = Release|Any CPU
		{C4421AF7-0E66-4F1B-A95D-4E4C582F2B4A}.Debug|Any CPU.ActiveCfg = Debug|Any CPU
		{C4421AF7-0E66-4F1B-A95D-4E4C582F2B4A}.Debug|Any CPU.Build.0 = Debug|Any CPU
		{C4421AF7-0E66-4F1B-A95D-4E4C582F2B4A}.Release|Any CPU.ActiveCfg = Release|Any CPU
		{C4421AF7-0E66-4F1B-A95D-4E4C582F2B4A}.Release|Any CPU.Build.0 = Release|Any CPU
		{59DEE1B8-F42D-49C6-971E-E9DD7B0EBD89}.Debug|Any CPU.ActiveCfg = Debug|Any CPU
		{59DEE1B8-F42D-49C6-971E-E9DD7B0EBD89}.Debug|Any CPU.Build.0 = Debug|Any CPU
		{59DEE1B8-F42D-49C6-971E-E9DD7B0EBD89}.Release|Any CPU.ActiveCfg = Release|Any CPU
		{59DEE1B8-F42D-49C6-971E-E9DD7B0EBD89}.Release|Any CPU.Build.0 = Release|Any CPU
		{6A0E7A32-774A-4432-92AD-85E317A6C52F}.Debug|Any CPU.ActiveCfg = Debug|Any CPU
		{6A0E7A32-774A-4432-92AD-85E317A6C52F}.Debug|Any CPU.Build.0 = Debug|Any CPU
		{6A0E7A32-774A-4432-92AD-85E317A6C52F}.Release|Any CPU.ActiveCfg = Release|Any CPU
		{6A0E7A32-774A-4432-92AD-85E317A6C52F}.Release|Any CPU.Build.0 = Release|Any CPU
		{049401CD-FDA6-481E-8ABD-99BD48B66CCF}.Debug|Any CPU.ActiveCfg = Debug|Any CPU
		{049401CD-FDA6-481E-8ABD-99BD48B66CCF}.Debug|Any CPU.Build.0 = Debug|Any CPU
		{049401CD-FDA6-481E-8ABD-99BD48B66CCF}.Release|Any CPU.ActiveCfg = Release|Any CPU
		{049401CD-FDA6-481E-8ABD-99BD48B66CCF}.Release|Any CPU.Build.0 = Release|Any CPU
	EndGlobalSection
	GlobalSection(SolutionProperties) = preSolution
		HideSolutionNode = FALSE
	EndGlobalSection
	GlobalSection(ExtensibilityGlobals) = postSolution
		SolutionGuid = {9B0A5096-92D0-4BAC-A7FD-78312DE99DA6}
	EndGlobalSection
EndGlobal
